
Microsoft Visual Studio Solution File, Format Version 12.00
# Visual Studio 14
VisualStudioVersion = 14.0.24720.0
MinimumVisualStudioVersion = 10.0.40219.1
Project("{FAE04EC0-301F-11D3-BF4B-00C04F79EFBC}") = "Kicad_utils", "Kicad_utils\Kicad_utils.csproj", "{E06099B1-4B65-4AC4-9723-72021865E9D0}"
EndProject
Project("{FAE04EC0-301F-11D3-BF4B-00C04F79EFBC}") = "Cad2D", "Cad2D\Cad2D.csproj", "{F088CF88-E199-4D0F-B1AD-C0B4980228D3}"
EndProject
Project("{FAE04EC0-301F-11D3-BF4B-00C04F79EFBC}") = "SExpressions", "SExpression\SExpressions.csproj", "{3B74B2B9-AB95-4BCE-9044-B02DBD77175B}"
EndProject
Project("{FAE04EC0-301F-11D3-BF4B-00C04F79EFBC}") = "CParser", "CParser\CParser.csproj", "{87A6F9DE-C454-47E0-BEBA-48982EE9C959}"
EndProject
Project("{FAE04EC0-301F-11D3-BF4B-00C04F79EFBC}") = "EagleImport", "EagleImport\EagleImport.csproj", "{22458AC2-27BA-48F6-894B-7A5D1B99B6A8}"
EndProject
Project("{FAE04EC0-301F-11D3-BF4B-00C04F79EFBC}") = "EagleImporter", "EagleImporter\EagleImporter.csproj", "{9EEA45C1-7927-4036-AEC6-20063C5F775A}"
EndProject
Project("{FAE04EC0-301F-11D3-BF4B-00C04F79EFBC}") = "CadCommon", "CadCommon\CadCommon.csproj", "{5D681129-1C10-4711-8F93-E75DEB6688B0}"
EndProject
Project("{FAE04EC0-301F-11D3-BF4B-00C04F79EFBC}") = "RMC", "RMC\RMC.csproj", "{A729B4D7-858B-4675-A07F-BF4D38260CAF}"
EndProject
Project("{FAE04EC0-301F-11D3-BF4B-00C04F79EFBC}") = "Lexing", "Lexing\Lexing.csproj", "{C263D6A1-8E5E-44B1-80E3-D635EF8023C3}"
EndProject
Project("{FAE04EC0-301F-11D3-BF4B-00C04F79EFBC}") = "LibTessDotNet", "LibTessDotNet\LibTessDotNet\LibTessDotNet.csproj", "{5EE39029-873A-45A0-9259-2198BF8729F4}"
EndProject
Project("{FAE04EC0-301F-11D3-BF4B-00C04F79EFBC}") = "EagleConverter", "EagleConverter\EagleConverter.csproj", "{9A30DC99-90C1-4994-B224-3EEF03CCBADC}"
EndProject
Global
	GlobalSection(SolutionConfigurationPlatforms) = preSolution
		Debug|Any CPU = Debug|Any CPU
		Debug|Mixed Platforms = Debug|Mixed Platforms
		Debug|x86 = Debug|x86
		DebugDouble|Any CPU = DebugDouble|Any CPU
		DebugDouble|Mixed Platforms = DebugDouble|Mixed Platforms
		DebugDouble|x86 = DebugDouble|x86
		Release|Any CPU = Release|Any CPU
		Release|Mixed Platforms = Release|Mixed Platforms
		Release|x86 = Release|x86
		ReleaseDouble|Any CPU = ReleaseDouble|Any CPU
		ReleaseDouble|Mixed Platforms = ReleaseDouble|Mixed Platforms
		ReleaseDouble|x86 = ReleaseDouble|x86
	EndGlobalSection
	GlobalSection(ProjectConfigurationPlatforms) = postSolution
		{E06099B1-4B65-4AC4-9723-72021865E9D0}.Debug|Any CPU.ActiveCfg = Debug|Any CPU
		{E06099B1-4B65-4AC4-9723-72021865E9D0}.Debug|Any CPU.Build.0 = Debug|Any CPU
		{E06099B1-4B65-4AC4-9723-72021865E9D0}.Debug|Mixed Platforms.ActiveCfg = Debug|Any CPU
		{E06099B1-4B65-4AC4-9723-72021865E9D0}.Debug|Mixed Platforms.Build.0 = Debug|Any CPU
		{E06099B1-4B65-4AC4-9723-72021865E9D0}.Debug|x86.ActiveCfg = Debug|Any CPU
		{E06099B1-4B65-4AC4-9723-72021865E9D0}.DebugDouble|Any CPU.ActiveCfg = Debug|Any CPU
		{E06099B1-4B65-4AC4-9723-72021865E9D0}.DebugDouble|Any CPU.Build.0 = Debug|Any CPU
		{E06099B1-4B65-4AC4-9723-72021865E9D0}.DebugDouble|Mixed Platforms.ActiveCfg = Debug|Any CPU
		{E06099B1-4B65-4AC4-9723-72021865E9D0}.DebugDouble|Mixed Platforms.Build.0 = Debug|Any CPU
		{E06099B1-4B65-4AC4-9723-72021865E9D0}.DebugDouble|x86.ActiveCfg = Debug|Any CPU
		{E06099B1-4B65-4AC4-9723-72021865E9D0}.DebugDouble|x86.Build.0 = Debug|Any CPU
		{E06099B1-4B65-4AC4-9723-72021865E9D0}.Release|Any CPU.ActiveCfg = Release|Any CPU
		{E06099B1-4B65-4AC4-9723-72021865E9D0}.Release|Any CPU.Build.0 = Release|Any CPU
		{E06099B1-4B65-4AC4-9723-72021865E9D0}.Release|Mixed Platforms.ActiveCfg = Release|Any CPU
		{E06099B1-4B65-4AC4-9723-72021865E9D0}.Release|Mixed Platforms.Build.0 = Release|Any CPU
		{E06099B1-4B65-4AC4-9723-72021865E9D0}.Release|x86.ActiveCfg = Release|Any CPU
		{E06099B1-4B65-4AC4-9723-72021865E9D0}.ReleaseDouble|Any CPU.ActiveCfg = Release|Any CPU
		{E06099B1-4B65-4AC4-9723-72021865E9D0}.ReleaseDouble|Any CPU.Build.0 = Release|Any CPU
		{E06099B1-4B65-4AC4-9723-72021865E9D0}.ReleaseDouble|Mixed Platforms.ActiveCfg = Release|Any CPU
		{E06099B1-4B65-4AC4-9723-72021865E9D0}.ReleaseDouble|Mixed Platforms.Build.0 = Release|Any CPU
		{E06099B1-4B65-4AC4-9723-72021865E9D0}.ReleaseDouble|x86.ActiveCfg = Release|Any CPU
		{E06099B1-4B65-4AC4-9723-72021865E9D0}.ReleaseDouble|x86.Build.0 = Release|Any CPU
		{F088CF88-E199-4D0F-B1AD-C0B4980228D3}.Debug|Any CPU.ActiveCfg = Debug|Any CPU
		{F088CF88-E199-4D0F-B1AD-C0B4980228D3}.Debug|Any CPU.Build.0 = Debug|Any CPU
		{F088CF88-E199-4D0F-B1AD-C0B4980228D3}.Debug|Mixed Platforms.ActiveCfg = Debug|Any CPU
		{F088CF88-E199-4D0F-B1AD-C0B4980228D3}.Debug|Mixed Platforms.Build.0 = Debug|Any CPU
		{F088CF88-E199-4D0F-B1AD-C0B4980228D3}.Debug|x86.ActiveCfg = Debug|Any CPU
		{F088CF88-E199-4D0F-B1AD-C0B4980228D3}.DebugDouble|Any CPU.ActiveCfg = Debug|Any CPU
		{F088CF88-E199-4D0F-B1AD-C0B4980228D3}.DebugDouble|Any CPU.Build.0 = Debug|Any CPU
		{F088CF88-E199-4D0F-B1AD-C0B4980228D3}.DebugDouble|Mixed Platforms.ActiveCfg = Debug|Any CPU
		{F088CF88-E199-4D0F-B1AD-C0B4980228D3}.DebugDouble|Mixed Platforms.Build.0 = Debug|Any CPU
		{F088CF88-E199-4D0F-B1AD-C0B4980228D3}.DebugDouble|x86.ActiveCfg = Debug|Any CPU
		{F088CF88-E199-4D0F-B1AD-C0B4980228D3}.DebugDouble|x86.Build.0 = Debug|Any CPU
		{F088CF88-E199-4D0F-B1AD-C0B4980228D3}.Release|Any CPU.ActiveCfg = Release|Any CPU
		{F088CF88-E199-4D0F-B1AD-C0B4980228D3}.Release|Any CPU.Build.0 = Release|Any CPU
		{F088CF88-E199-4D0F-B1AD-C0B4980228D3}.Release|Mixed Platforms.ActiveCfg = Release|Any CPU
		{F088CF88-E199-4D0F-B1AD-C0B4980228D3}.Release|Mixed Platforms.Build.0 = Release|Any CPU
		{F088CF88-E199-4D0F-B1AD-C0B4980228D3}.Release|x86.ActiveCfg = Release|Any CPU
		{F088CF88-E199-4D0F-B1AD-C0B4980228D3}.ReleaseDouble|Any CPU.ActiveCfg = Release|Any CPU
		{F088CF88-E199-4D0F-B1AD-C0B4980228D3}.ReleaseDouble|Any CPU.Build.0 = Release|Any CPU
		{F088CF88-E199-4D0F-B1AD-C0B4980228D3}.ReleaseDouble|Mixed Platforms.ActiveCfg = Release|Any CPU
		{F088CF88-E199-4D0F-B1AD-C0B4980228D3}.ReleaseDouble|Mixed Platforms.Build.0 = Release|Any CPU
		{F088CF88-E199-4D0F-B1AD-C0B4980228D3}.ReleaseDouble|x86.ActiveCfg = Release|Any CPU
		{F088CF88-E199-4D0F-B1AD-C0B4980228D3}.ReleaseDouble|x86.Build.0 = Release|Any CPU
		{3B74B2B9-AB95-4BCE-9044-B02DBD77175B}.Debug|Any CPU.ActiveCfg = Debug|Any CPU
		{3B74B2B9-AB95-4BCE-9044-B02DBD77175B}.Debug|Any CPU.Build.0 = Debug|Any CPU
		{3B74B2B9-AB95-4BCE-9044-B02DBD77175B}.Debug|Mixed Platforms.ActiveCfg = Debug|Any CPU
		{3B74B2B9-AB95-4BCE-9044-B02DBD77175B}.Debug|Mixed Platforms.Build.0 = Debug|Any CPU
		{3B74B2B9-AB95-4BCE-9044-B02DBD77175B}.Debug|x86.ActiveCfg = Debug|Any CPU
		{3B74B2B9-AB95-4BCE-9044-B02DBD77175B}.DebugDouble|Any CPU.ActiveCfg = Debug|Any CPU
		{3B74B2B9-AB95-4BCE-9044-B02DBD77175B}.DebugDouble|Any CPU.Build.0 = Debug|Any CPU
		{3B74B2B9-AB95-4BCE-9044-B02DBD77175B}.DebugDouble|Mixed Platforms.ActiveCfg = Debug|Any CPU
		{3B74B2B9-AB95-4BCE-9044-B02DBD77175B}.DebugDouble|Mixed Platforms.Build.0 = Debug|Any CPU
		{3B74B2B9-AB95-4BCE-9044-B02DBD77175B}.DebugDouble|x86.ActiveCfg = Debug|Any CPU
		{3B74B2B9-AB95-4BCE-9044-B02DBD77175B}.DebugDouble|x86.Build.0 = Debug|Any CPU
		{3B74B2B9-AB95-4BCE-9044-B02DBD77175B}.Release|Any CPU.ActiveCfg = Release|Any CPU
		{3B74B2B9-AB95-4BCE-9044-B02DBD77175B}.Release|Any CPU.Build.0 = Release|Any CPU
		{3B74B2B9-AB95-4BCE-9044-B02DBD77175B}.Release|Mixed Platforms.ActiveCfg = Release|Any CPU
		{3B74B2B9-AB95-4BCE-9044-B02DBD77175B}.Release|Mixed Platforms.Build.0 = Release|Any CPU
		{3B74B2B9-AB95-4BCE-9044-B02DBD77175B}.Release|x86.ActiveCfg = Release|Any CPU
		{3B74B2B9-AB95-4BCE-9044-B02DBD77175B}.ReleaseDouble|Any CPU.ActiveCfg = Release|Any CPU
		{3B74B2B9-AB95-4BCE-9044-B02DBD77175B}.ReleaseDouble|Any CPU.Build.0 = Release|Any CPU
		{3B74B2B9-AB95-4BCE-9044-B02DBD77175B}.ReleaseDouble|Mixed Platforms.ActiveCfg = Release|Any CPU
		{3B74B2B9-AB95-4BCE-9044-B02DBD77175B}.ReleaseDouble|Mixed Platforms.Build.0 = Release|Any CPU
		{3B74B2B9-AB95-4BCE-9044-B02DBD77175B}.ReleaseDouble|x86.ActiveCfg = Release|Any CPU
		{3B74B2B9-AB95-4BCE-9044-B02DBD77175B}.ReleaseDouble|x86.Build.0 = Release|Any CPU
		{87A6F9DE-C454-47E0-BEBA-48982EE9C959}.Debug|Any CPU.ActiveCfg = Debug|Any CPU
		{87A6F9DE-C454-47E0-BEBA-48982EE9C959}.Debug|Any CPU.Build.0 = Debug|Any CPU
		{87A6F9DE-C454-47E0-BEBA-48982EE9C959}.Debug|Mixed Platforms.ActiveCfg = Debug|Any CPU
		{87A6F9DE-C454-47E0-BEBA-48982EE9C959}.Debug|Mixed Platforms.Build.0 = Debug|Any CPU
		{87A6F9DE-C454-47E0-BEBA-48982EE9C959}.Debug|x86.ActiveCfg = Debug|Any CPU
		{87A6F9DE-C454-47E0-BEBA-48982EE9C959}.DebugDouble|Any CPU.ActiveCfg = Debug|Any CPU
		{87A6F9DE-C454-47E0-BEBA-48982EE9C959}.DebugDouble|Any CPU.Build.0 = Debug|Any CPU
		{87A6F9DE-C454-47E0-BEBA-48982EE9C959}.DebugDouble|Mixed Platforms.ActiveCfg = Debug|Any CPU
		{87A6F9DE-C454-47E0-BEBA-48982EE9C959}.DebugDouble|Mixed Platforms.Build.0 = Debug|Any CPU
		{87A6F9DE-C454-47E0-BEBA-48982EE9C959}.DebugDouble|x86.ActiveCfg = Debug|Any CPU
		{87A6F9DE-C454-47E0-BEBA-48982EE9C959}.DebugDouble|x86.Build.0 = Debug|Any CPU
		{87A6F9DE-C454-47E0-BEBA-48982EE9C959}.Release|Any CPU.ActiveCfg = Release|Any CPU
		{87A6F9DE-C454-47E0-BEBA-48982EE9C959}.Release|Any CPU.Build.0 = Release|Any CPU
		{87A6F9DE-C454-47E0-BEBA-48982EE9C959}.Release|Mixed Platforms.ActiveCfg = Release|Any CPU
		{87A6F9DE-C454-47E0-BEBA-48982EE9C959}.Release|Mixed Platforms.Build.0 = Release|Any CPU
		{87A6F9DE-C454-47E0-BEBA-48982EE9C959}.Release|x86.ActiveCfg = Release|Any CPU
		{87A6F9DE-C454-47E0-BEBA-48982EE9C959}.ReleaseDouble|Any CPU.ActiveCfg = Release|Any CPU
		{87A6F9DE-C454-47E0-BEBA-48982EE9C959}.ReleaseDouble|Any CPU.Build.0 = Release|Any CPU
		{87A6F9DE-C454-47E0-BEBA-48982EE9C959}.ReleaseDouble|Mixed Platforms.ActiveCfg = Release|Any CPU
		{87A6F9DE-C454-47E0-BEBA-48982EE9C959}.ReleaseDouble|Mixed Platforms.Build.0 = Release|Any CPU
		{87A6F9DE-C454-47E0-BEBA-48982EE9C959}.ReleaseDouble|x86.ActiveCfg = Release|Any CPU
		{87A6F9DE-C454-47E0-BEBA-48982EE9C959}.ReleaseDouble|x86.Build.0 = Release|Any CPU
		{22458AC2-27BA-48F6-894B-7A5D1B99B6A8}.Debug|Any CPU.ActiveCfg = Debug|Any CPU
		{22458AC2-27BA-48F6-894B-7A5D1B99B6A8}.Debug|Any CPU.Build.0 = Debug|Any CPU
		{22458AC2-27BA-48F6-894B-7A5D1B99B6A8}.Debug|Mixed Platforms.ActiveCfg = Debug|Any CPU
		{22458AC2-27BA-48F6-894B-7A5D1B99B6A8}.Debug|Mixed Platforms.Build.0 = Debug|Any CPU
		{22458AC2-27BA-48F6-894B-7A5D1B99B6A8}.Debug|x86.ActiveCfg = Debug|Any CPU
		{22458AC2-27BA-48F6-894B-7A5D1B99B6A8}.Debug|x86.Build.0 = Debug|Any CPU
		{22458AC2-27BA-48F6-894B-7A5D1B99B6A8}.DebugDouble|Any CPU.ActiveCfg = Debug|Any CPU
		{22458AC2-27BA-48F6-894B-7A5D1B99B6A8}.DebugDouble|Any CPU.Build.0 = Debug|Any CPU
		{22458AC2-27BA-48F6-894B-7A5D1B99B6A8}.DebugDouble|Mixed Platforms.ActiveCfg = Debug|Any CPU
		{22458AC2-27BA-48F6-894B-7A5D1B99B6A8}.DebugDouble|Mixed Platforms.Build.0 = Debug|Any CPU
		{22458AC2-27BA-48F6-894B-7A5D1B99B6A8}.DebugDouble|x86.ActiveCfg = Debug|Any CPU
		{22458AC2-27BA-48F6-894B-7A5D1B99B6A8}.DebugDouble|x86.Build.0 = Debug|Any CPU
		{22458AC2-27BA-48F6-894B-7A5D1B99B6A8}.Release|Any CPU.ActiveCfg = Release|Any CPU
		{22458AC2-27BA-48F6-894B-7A5D1B99B6A8}.Release|Any CPU.Build.0 = Release|Any CPU
		{22458AC2-27BA-48F6-894B-7A5D1B99B6A8}.Release|Mixed Platforms.ActiveCfg = Release|Any CPU
		{22458AC2-27BA-48F6-894B-7A5D1B99B6A8}.Release|Mixed Platforms.Build.0 = Release|Any CPU
		{22458AC2-27BA-48F6-894B-7A5D1B99B6A8}.Release|x86.ActiveCfg = Release|Any CPU
		{22458AC2-27BA-48F6-894B-7A5D1B99B6A8}.Release|x86.Build.0 = Release|Any CPU
		{22458AC2-27BA-48F6-894B-7A5D1B99B6A8}.ReleaseDouble|Any CPU.ActiveCfg = Release|Any CPU
		{22458AC2-27BA-48F6-894B-7A5D1B99B6A8}.ReleaseDouble|Any CPU.Build.0 = Release|Any CPU
		{22458AC2-27BA-48F6-894B-7A5D1B99B6A8}.ReleaseDouble|Mixed Platforms.ActiveCfg = Release|Any CPU
		{22458AC2-27BA-48F6-894B-7A5D1B99B6A8}.ReleaseDouble|Mixed Platforms.Build.0 = Release|Any CPU
		{22458AC2-27BA-48F6-894B-7A5D1B99B6A8}.ReleaseDouble|x86.ActiveCfg = Release|Any CPU
		{22458AC2-27BA-48F6-894B-7A5D1B99B6A8}.ReleaseDouble|x86.Build.0 = Release|Any CPU
		{9EEA45C1-7927-4036-AEC6-20063C5F775A}.Debug|Any CPU.ActiveCfg = Debug|Any CPU
		{9EEA45C1-7927-4036-AEC6-20063C5F775A}.Debug|Any CPU.Build.0 = Debug|Any CPU
		{9EEA45C1-7927-4036-AEC6-20063C5F775A}.Debug|Mixed Platforms.ActiveCfg = Debug|Any CPU
		{9EEA45C1-7927-4036-AEC6-20063C5F775A}.Debug|Mixed Platforms.Build.0 = Debug|Any CPU
		{9EEA45C1-7927-4036-AEC6-20063C5F775A}.Debug|x86.ActiveCfg = Debug|Any CPU
		{9EEA45C1-7927-4036-AEC6-20063C5F775A}.Debug|x86.Build.0 = Debug|Any CPU
		{9EEA45C1-7927-4036-AEC6-20063C5F775A}.DebugDouble|Any CPU.ActiveCfg = Debug|Any CPU
		{9EEA45C1-7927-4036-AEC6-20063C5F775A}.DebugDouble|Any CPU.Build.0 = Debug|Any CPU
		{9EEA45C1-7927-4036-AEC6-20063C5F775A}.DebugDouble|Mixed Platforms.ActiveCfg = Debug|Any CPU
		{9EEA45C1-7927-4036-AEC6-20063C5F775A}.DebugDouble|Mixed Platforms.Build.0 = Debug|Any CPU
		{9EEA45C1-7927-4036-AEC6-20063C5F775A}.DebugDouble|x86.ActiveCfg = Debug|Any CPU
		{9EEA45C1-7927-4036-AEC6-20063C5F775A}.DebugDouble|x86.Build.0 = Debug|Any CPU
		{9EEA45C1-7927-4036-AEC6-20063C5F775A}.Release|Any CPU.ActiveCfg = Release|Any CPU
		{9EEA45C1-7927-4036-AEC6-20063C5F775A}.Release|Any CPU.Build.0 = Release|Any CPU
		{9EEA45C1-7927-4036-AEC6-20063C5F775A}.Release|Mixed Platforms.ActiveCfg = Release|Any CPU
		{9EEA45C1-7927-4036-AEC6-20063C5F775A}.Release|Mixed Platforms.Build.0 = Release|Any CPU
		{9EEA45C1-7927-4036-AEC6-20063C5F775A}.Release|x86.ActiveCfg = Release|Any CPU
		{9EEA45C1-7927-4036-AEC6-20063C5F775A}.Release|x86.Build.0 = Release|Any CPU
		{9EEA45C1-7927-4036-AEC6-20063C5F775A}.ReleaseDouble|Any CPU.ActiveCfg = Release|Any CPU
		{9EEA45C1-7927-4036-AEC6-20063C5F775A}.ReleaseDouble|Any CPU.Build.0 = Release|Any CPU
		{9EEA45C1-7927-4036-AEC6-20063C5F775A}.ReleaseDouble|Mixed Platforms.ActiveCfg = Release|Any CPU
		{9EEA45C1-7927-4036-AEC6-20063C5F775A}.ReleaseDouble|Mixed Platforms.Build.0 = Release|Any CPU
		{9EEA45C1-7927-4036-AEC6-20063C5F775A}.ReleaseDouble|x86.ActiveCfg = Release|Any CPU
		{9EEA45C1-7927-4036-AEC6-20063C5F775A}.ReleaseDouble|x86.Build.0 = Release|Any CPU
		{5D681129-1C10-4711-8F93-E75DEB6688B0}.Debug|Any CPU.ActiveCfg = Debug|Any CPU
		{5D681129-1C10-4711-8F93-E75DEB6688B0}.Debug|Any CPU.Build.0 = Debug|Any CPU
		{5D681129-1C10-4711-8F93-E75DEB6688B0}.Debug|Mixed Platforms.ActiveCfg = Debug|Any CPU
		{5D681129-1C10-4711-8F93-E75DEB6688B0}.Debug|Mixed Platforms.Build.0 = Debug|Any CPU
		{5D681129-1C10-4711-8F93-E75DEB6688B0}.Debug|x86.ActiveCfg = Debug|Any CPU
		{5D681129-1C10-4711-8F93-E75DEB6688B0}.Debug|x86.Build.0 = Debug|Any CPU
		{5D681129-1C10-4711-8F93-E75DEB6688B0}.DebugDouble|Any CPU.ActiveCfg = Debug|Any CPU
		{5D681129-1C10-4711-8F93-E75DEB6688B0}.DebugDouble|Any CPU.Build.0 = Debug|Any CPU
		{5D681129-1C10-4711-8F93-E75DEB6688B0}.DebugDouble|Mixed Platforms.ActiveCfg = Debug|Any CPU
		{5D681129-1C10-4711-8F93-E75DEB6688B0}.DebugDouble|Mixed Platforms.Build.0 = Debug|Any CPU
		{5D681129-1C10-4711-8F93-E75DEB6688B0}.DebugDouble|x86.ActiveCfg = Debug|Any CPU
		{5D681129-1C10-4711-8F93-E75DEB6688B0}.DebugDouble|x86.Build.0 = Debug|Any CPU
		{5D681129-1C10-4711-8F93-E75DEB6688B0}.Release|Any CPU.ActiveCfg = Release|Any CPU
		{5D681129-1C10-4711-8F93-E75DEB6688B0}.Release|Any CPU.Build.0 = Release|Any CPU
		{5D681129-1C10-4711-8F93-E75DEB6688B0}.Release|Mixed Platforms.ActiveCfg = Release|Any CPU
		{5D681129-1C10-4711-8F93-E75DEB6688B0}.Release|Mixed Platforms.Build.0 = Release|Any CPU
		{5D681129-1C10-4711-8F93-E75DEB6688B0}.Release|x86.ActiveCfg = Release|Any CPU
		{5D681129-1C10-4711-8F93-E75DEB6688B0}.Release|x86.Build.0 = Release|Any CPU
		{5D681129-1C10-4711-8F93-E75DEB6688B0}.ReleaseDouble|Any CPU.ActiveCfg = Release|Any CPU
		{5D681129-1C10-4711-8F93-E75DEB6688B0}.ReleaseDouble|Any CPU.Build.0 = Release|Any CPU
		{5D681129-1C10-4711-8F93-E75DEB6688B0}.ReleaseDouble|Mixed Platforms.ActiveCfg = Release|Any CPU
		{5D681129-1C10-4711-8F93-E75DEB6688B0}.ReleaseDouble|Mixed Platforms.Build.0 = Release|Any CPU
		{5D681129-1C10-4711-8F93-E75DEB6688B0}.ReleaseDouble|x86.ActiveCfg = Release|Any CPU
		{5D681129-1C10-4711-8F93-E75DEB6688B0}.ReleaseDouble|x86.Build.0 = Release|Any CPU
		{A729B4D7-858B-4675-A07F-BF4D38260CAF}.Debug|Any CPU.ActiveCfg = Debug|Any CPU
		{A729B4D7-858B-4675-A07F-BF4D38260CAF}.Debug|Any CPU.Build.0 = Debug|Any CPU
		{A729B4D7-858B-4675-A07F-BF4D38260CAF}.Debug|Mixed Platforms.ActiveCfg = Debug|Any CPU
		{A729B4D7-858B-4675-A07F-BF4D38260CAF}.Debug|Mixed Platforms.Build.0 = Debug|Any CPU
		{A729B4D7-858B-4675-A07F-BF4D38260CAF}.Debug|x86.ActiveCfg = Debug|Any CPU
		{A729B4D7-858B-4675-A07F-BF4D38260CAF}.Debug|x86.Build.0 = Debug|Any CPU
		{A729B4D7-858B-4675-A07F-BF4D38260CAF}.DebugDouble|Any CPU.ActiveCfg = Debug|Any CPU
		{A729B4D7-858B-4675-A07F-BF4D38260CAF}.DebugDouble|Any CPU.Build.0 = Debug|Any CPU
		{A729B4D7-858B-4675-A07F-BF4D38260CAF}.DebugDouble|Mixed Platforms.ActiveCfg = Debug|Any CPU
		{A729B4D7-858B-4675-A07F-BF4D38260CAF}.DebugDouble|Mixed Platforms.Build.0 = Debug|Any CPU
		{A729B4D7-858B-4675-A07F-BF4D38260CAF}.DebugDouble|x86.ActiveCfg = Debug|Any CPU
		{A729B4D7-858B-4675-A07F-BF4D38260CAF}.DebugDouble|x86.Build.0 = Debug|Any CPU
		{A729B4D7-858B-4675-A07F-BF4D38260CAF}.Release|Any CPU.ActiveCfg = Release|Any CPU
		{A729B4D7-858B-4675-A07F-BF4D38260CAF}.Release|Any CPU.Build.0 = Release|Any CPU
		{A729B4D7-858B-4675-A07F-BF4D38260CAF}.Release|Mixed Platforms.ActiveCfg = Release|Any CPU
		{A729B4D7-858B-4675-A07F-BF4D38260CAF}.Release|Mixed Platforms.Build.0 = Release|Any CPU
		{A729B4D7-858B-4675-A07F-BF4D38260CAF}.Release|x86.ActiveCfg = Release|Any CPU
		{A729B4D7-858B-4675-A07F-BF4D38260CAF}.Release|x86.Build.0 = Release|Any CPU
		{A729B4D7-858B-4675-A07F-BF4D38260CAF}.ReleaseDouble|Any CPU.ActiveCfg = Release|Any CPU
		{A729B4D7-858B-4675-A07F-BF4D38260CAF}.ReleaseDouble|Any CPU.Build.0 = Release|Any CPU
		{A729B4D7-858B-4675-A07F-BF4D38260CAF}.ReleaseDouble|Mixed Platforms.ActiveCfg = Release|Any CPU
		{A729B4D7-858B-4675-A07F-BF4D38260CAF}.ReleaseDouble|Mixed Platforms.Build.0 = Release|Any CPU
		{A729B4D7-858B-4675-A07F-BF4D38260CAF}.ReleaseDouble|x86.ActiveCfg = Release|Any CPU
		{A729B4D7-858B-4675-A07F-BF4D38260CAF}.ReleaseDouble|x86.Build.0 = Release|Any CPU
		{C263D6A1-8E5E-44B1-80E3-D635EF8023C3}.Debug|Any CPU.ActiveCfg = Debug|Any CPU
		{C263D6A1-8E5E-44B1-80E3-D635EF8023C3}.Debug|Any CPU.Build.0 = Debug|Any CPU
		{C263D6A1-8E5E-44B1-80E3-D635EF8023C3}.Debug|Mixed Platforms.ActiveCfg = Debug|Any CPU
		{C263D6A1-8E5E-44B1-80E3-D635EF8023C3}.Debug|Mixed Platforms.Build.0 = Debug|Any CPU
		{C263D6A1-8E5E-44B1-80E3-D635EF8023C3}.Debug|x86.ActiveCfg = Debug|Any CPU
		{C263D6A1-8E5E-44B1-80E3-D635EF8023C3}.Debug|x86.Build.0 = Debug|Any CPU
		{C263D6A1-8E5E-44B1-80E3-D635EF8023C3}.DebugDouble|Any CPU.ActiveCfg = Debug|Any CPU
		{C263D6A1-8E5E-44B1-80E3-D635EF8023C3}.DebugDouble|Any CPU.Build.0 = Debug|Any CPU
		{C263D6A1-8E5E-44B1-80E3-D635EF8023C3}.DebugDouble|Mixed Platforms.ActiveCfg = Debug|Any CPU
		{C263D6A1-8E5E-44B1-80E3-D635EF8023C3}.DebugDouble|Mixed Platforms.Build.0 = Debug|Any CPU
		{C263D6A1-8E5E-44B1-80E3-D635EF8023C3}.DebugDouble|x86.ActiveCfg = Debug|Any CPU
		{C263D6A1-8E5E-44B1-80E3-D635EF8023C3}.DebugDouble|x86.Build.0 = Debug|Any CPU
		{C263D6A1-8E5E-44B1-80E3-D635EF8023C3}.Release|Any CPU.ActiveCfg = Release|Any CPU
		{C263D6A1-8E5E-44B1-80E3-D635EF8023C3}.Release|Any CPU.Build.0 = Release|Any CPU
		{C263D6A1-8E5E-44B1-80E3-D635EF8023C3}.Release|Mixed Platforms.ActiveCfg = Release|Any CPU
		{C263D6A1-8E5E-44B1-80E3-D635EF8023C3}.Release|Mixed Platforms.Build.0 = Release|Any CPU
		{C263D6A1-8E5E-44B1-80E3-D635EF8023C3}.Release|x86.ActiveCfg = Release|Any CPU
		{C263D6A1-8E5E-44B1-80E3-D635EF8023C3}.Release|x86.Build.0 = Release|Any CPU
		{C263D6A1-8E5E-44B1-80E3-D635EF8023C3}.ReleaseDouble|Any CPU.ActiveCfg = Release|Any CPU
		{C263D6A1-8E5E-44B1-80E3-D635EF8023C3}.ReleaseDouble|Any CPU.Build.0 = Release|Any CPU
		{C263D6A1-8E5E-44B1-80E3-D635EF8023C3}.ReleaseDouble|Mixed Platforms.ActiveCfg = Release|Any CPU
		{C263D6A1-8E5E-44B1-80E3-D635EF8023C3}.ReleaseDouble|Mixed Platforms.Build.0 = Release|Any CPU
		{C263D6A1-8E5E-44B1-80E3-D635EF8023C3}.ReleaseDouble|x86.ActiveCfg = Release|Any CPU
		{C263D6A1-8E5E-44B1-80E3-D635EF8023C3}.ReleaseDouble|x86.Build.0 = Release|Any CPU
		{5EE39029-873A-45A0-9259-2198BF8729F4}.Debug|Any CPU.ActiveCfg = Debug|Any CPU
		{5EE39029-873A-45A0-9259-2198BF8729F4}.Debug|Any CPU.Build.0 = Debug|Any CPU
		{5EE39029-873A-45A0-9259-2198BF8729F4}.Debug|Mixed Platforms.ActiveCfg = Debug|Any CPU
		{5EE39029-873A-45A0-9259-2198BF8729F4}.Debug|Mixed Platforms.Build.0 = Debug|Any CPU
		{5EE39029-873A-45A0-9259-2198BF8729F4}.Debug|x86.ActiveCfg = Debug|Any CPU
		{5EE39029-873A-45A0-9259-2198BF8729F4}.Debug|x86.Build.0 = Debug|Any CPU
		{5EE39029-873A-45A0-9259-2198BF8729F4}.DebugDouble|Any CPU.ActiveCfg = DebugDouble|Any CPU
		{5EE39029-873A-45A0-9259-2198BF8729F4}.DebugDouble|Any CPU.Build.0 = DebugDouble|Any CPU
		{5EE39029-873A-45A0-9259-2198BF8729F4}.DebugDouble|Mixed Platforms.ActiveCfg = DebugDouble|Any CPU
		{5EE39029-873A-45A0-9259-2198BF8729F4}.DebugDouble|Mixed Platforms.Build.0 = DebugDouble|Any CPU
		{5EE39029-873A-45A0-9259-2198BF8729F4}.DebugDouble|x86.ActiveCfg = DebugDouble|Any CPU
		{5EE39029-873A-45A0-9259-2198BF8729F4}.DebugDouble|x86.Build.0 = DebugDouble|Any CPU
		{5EE39029-873A-45A0-9259-2198BF8729F4}.Release|Any CPU.ActiveCfg = Release|Any CPU
		{5EE39029-873A-45A0-9259-2198BF8729F4}.Release|Any CPU.Build.0 = Release|Any CPU
		{5EE39029-873A-45A0-9259-2198BF8729F4}.Release|Mixed Platforms.ActiveCfg = Release|Any CPU
		{5EE39029-873A-45A0-9259-2198BF8729F4}.Release|Mixed Platforms.Build.0 = Release|Any CPU
		{5EE39029-873A-45A0-9259-2198BF8729F4}.Release|x86.ActiveCfg = Release|Any CPU
		{5EE39029-873A-45A0-9259-2198BF8729F4}.Release|x86.Build.0 = Release|Any CPU
		{5EE39029-873A-45A0-9259-2198BF8729F4}.ReleaseDouble|Any CPU.ActiveCfg = ReleaseDouble|Any CPU
		{5EE39029-873A-45A0-9259-2198BF8729F4}.ReleaseDouble|Any CPU.Build.0 = ReleaseDouble|Any CPU
		{5EE39029-873A-45A0-9259-2198BF8729F4}.ReleaseDouble|Mixed Platforms.ActiveCfg = ReleaseDouble|Any CPU
		{5EE39029-873A-45A0-9259-2198BF8729F4}.ReleaseDouble|Mixed Platforms.Build.0 = ReleaseDouble|Any CPU
		{5EE39029-873A-45A0-9259-2198BF8729F4}.ReleaseDouble|x86.ActiveCfg = ReleaseDouble|Any CPU
		{5EE39029-873A-45A0-9259-2198BF8729F4}.ReleaseDouble|x86.Build.0 = ReleaseDouble|Any CPU
		{9A30DC99-90C1-4994-B224-3EEF03CCBADC}.Debug|Any CPU.ActiveCfg = Debug|Any CPU
		{9A30DC99-90C1-4994-B224-3EEF03CCBADC}.Debug|Any CPU.Build.0 = Debug|Any CPU
		{9A30DC99-90C1-4994-B224-3EEF03CCBADC}.Debug|Mixed Platforms.ActiveCfg = Debug|Any CPU
		{9A30DC99-90C1-4994-B224-3EEF03CCBADC}.Debug|Mixed Platforms.Build.0 = Debug|Any CPU
		{9A30DC99-90C1-4994-B224-3EEF03CCBADC}.Debug|x86.ActiveCfg = Debug|Any CPU
		{9A30DC99-90C1-4994-B224-3EEF03CCBADC}.Debug|x86.Build.0 = Debug|Any CPU
		{9A30DC99-90C1-4994-B224-3EEF03CCBADC}.DebugDouble|Any CPU.ActiveCfg = Debug|Any CPU
		{9A30DC99-90C1-4994-B224-3EEF03CCBADC}.DebugDouble|Any CPU.Build.0 = Debug|Any CPU
		{9A30DC99-90C1-4994-B224-3EEF03CCBADC}.DebugDouble|Mixed Platforms.ActiveCfg = Debug|Any CPU
		{9A30DC99-90C1-4994-B224-3EEF03CCBADC}.DebugDouble|Mixed Platforms.Build.0 = Debug|Any CPU
		{9A30DC99-90C1-4994-B224-3EEF03CCBADC}.DebugDouble|x86.ActiveCfg = Debug|Any CPU
		{9A30DC99-90C1-4994-B224-3EEF03CCBADC}.DebugDouble|x86.Build.0 = Debug|Any CPU
		{9A30DC99-90C1-4994-B224-3EEF03CCBADC}.Release|Any CPU.ActiveCfg = Release|Any CPU
		{9A30DC99-90C1-4994-B224-3EEF03CCBADC}.Release|Any CPU.Build.0 = Release|Any CPU
		{9A30DC99-90C1-4994-B224-3EEF03CCBADC}.Release|Mixed Platforms.ActiveCfg = Release|Any CPU
		{9A30DC99-90C1-4994-B224-3EEF03CCBADC}.Release|Mixed Platforms.Build.0 = Release|Any CPU
		{9A30DC99-90C1-4994-B224-3EEF03CCBADC}.Release|x86.ActiveCfg = Release|Any CPU
		{9A30DC99-90C1-4994-B224-3EEF03CCBADC}.Release|x86.Build.0 = Release|Any CPU
		{9A30DC99-90C1-4994-B224-3EEF03CCBADC}.ReleaseDouble|Any CPU.ActiveCfg = Release|Any CPU
		{9A30DC99-90C1-4994-B224-3EEF03CCBADC}.ReleaseDouble|Any CPU.Build.0 = Release|Any CPU
		{9A30DC99-90C1-4994-B224-3EEF03CCBADC}.ReleaseDouble|Mixed Platforms.ActiveCfg = Release|Any CPU
		{9A30DC99-90C1-4994-B224-3EEF03CCBADC}.ReleaseDouble|Mixed Platforms.Build.0 = Release|Any CPU
		{9A30DC99-90C1-4994-B224-3EEF03CCBADC}.ReleaseDouble|x86.ActiveCfg = Release|Any CPU
		{9A30DC99-90C1-4994-B224-3EEF03CCBADC}.ReleaseDouble|x86.Build.0 = Release|Any CPU
	EndGlobalSection
	GlobalSection(SolutionProperties) = preSolution
		HideSolutionNode = FALSE
	EndGlobalSection
EndGlobal
